{
  "name": "trackyourvoteto",
  "version": "1.0.0",
  "lockfileVersion": 3,
  "requires": true,
  "packages": {
    "": {
      "name": "trackyourvoteto",
      "version": "1.0.0",
      "license": "ISC",
      "dependencies": {
        "beautifulsoup4": "^0.0.1-security"
      },
      "devDependencies": {}
    },
    "node_modules/beautifulsoup4": {
      "version": "0.0.1-security",
      "resolved": "https://registry.npmjs.org/beautifulsoup4/-/beautifulsoup4-0.0.1-security.tgz",
      "integrity": "sha512-mrBVaa698mV4kC0obs8cbqlF40IzMX7Lft3jxzt6OFTdxc4gdsAt6eSe9zkmlCy6X3K9mnDHUcLnoVeYBzAaXw=="
    }
  }
}
